{
  "nodes": {
    "glueqs": {
      "flake": false,
      "locked": {
        "lastModified": 1790520757,
        "narHash": "sha256-lOGKafxdTFY54ZQRcxCryDyQtdqyk/ZE4fg+Ph5pMLE=",
        "owner": "vladbiber",
        "repo": "glueqs",
        "rev": "4a70e24e3314c1e9d7d4965daaa8b3125aeebba3",
        "type": "github"
      },
      "original": {
        "owner": "vladbiber",
        "repo": "glueqs",
        "type": "github"
      }
    },
    "nixpkgs": {
      "locked": {
        "lastModified": 1787736819,
        "narHash": "sha256-cV5xEJJK3BvhU8rEd4mC9UsmDi5qscv/kzGPhBRC5WA=",
        "owner": "NixOS",
        "repo": "nixpkgs",
        "rev": "9fbb54b33e91ee4ca368e35a78e0613c720600b3",
        "type": "github"
      },
      "original": {
        "owner": "NixOS",
        "ref": "nixos-unstable",
        "repo": "nixpkgs",
        "type": "github"
      }
    },
    "root": {
      "inputs": {
        "glueqs": "glueqs",
        "nixpkgs": "nixpkgs"
      }
    }
  },
  "root": "root",
  "version": 7
}
